
Microsoft Visual Studio Solution File, Format Version 12.00
# Visual Studio Version 16
VisualStudioVersion = 16.0.29001.49
MinimumVisualStudioVersion = 10.0.40219.1
Project("{2150E333-8FDC-42A3-9474-1A3956D46DE8}") = "1. Client", "1. Client", "{AD129FA3-9170-4F00-9F3E-CAD218EB06AA}"
EndProject
Project("{2150E333-8FDC-42A3-9474-1A3956D46DE8}") = "2. Managers", "2. Managers", "{5F019784-C2C5-4404-AE86-F5123E14903D}"
EndProject
Project("{2150E333-8FDC-42A3-9474-1A3956D46DE8}") = "4. Accessors", "4. Accessors", "{7DA502F1-FD72-4929-A455-25A388066149}"
EndProject
Project("{2150E333-8FDC-42A3-9474-1A3956D46DE8}") = "3. Engines", "3. Engines", "{5ECBACA0-3B9E-48FE-9C5F-D5A7A7C992B1}"
EndProject
Project("{2150E333-8FDC-42A3-9474-1A3956D46DE8}") = "6. Tests", "6. Tests", "{FA56F54C-D747-4193-A84E-1BA99C6BCD82}"
EndProject
Project("{9A19103F-16F7-4668-BE54-9A1E7A4F7556}") = "DatabaseAccessors", "DatabaseAccessor\DatabaseAccessors.csproj", "{809B942A-D33F-4DD1-B0EE-DF8E8CE5AB76}"
EndProject
Project("{9A19103F-16F7-4668-BE54-9A1E7A4F7556}") = "API", "API\API.csproj", "{869A9FD4-B3D5-4908-B75D-B2C031B4728F}"
EndProject
Project("{9A19103F-16F7-4668-BE54-9A1E7A4F7556}") = "ActiveDirectoryAccessors", "ActiveDirectoryAccessors\ActiveDirectoryAccessors.csproj", "{1FEE503A-A96C-4D91-8CD7-46139AFFE111}"
EndProject
Project("{9A19103F-16F7-4668-BE54-9A1E7A4F7556}") = "AuthorizationManager", "AuthorizationManager\AuthorizationManager.csproj", "{6679325B-9A6E-4A66-8AE6-AEC731B9D03A}"
EndProject
Project("{2150E333-8FDC-42A3-9474-1A3956D46DE8}") = "5. Common", "5. Common", "{2AE6BE51-ADA7-47D7-B5BE-7603A99A1F01}"
EndProject
Project("{9A19103F-16F7-4668-BE54-9A1E7A4F7556}") = "Contracts", "Contracts\Contracts.csproj", "{C026B38B-7D9D-4CFB-9CFF-0636A3712043}"
EndProject
Project("{9A19103F-16F7-4668-BE54-9A1E7A4F7556}") = "Shared", "Shared\Shared.csproj", "{B0105483-738C-41D0-988B-48B162F03667}"
EndProject
Project("{9A19103F-16F7-4668-BE54-9A1E7A4F7556}") = "ApiControllerTests", "ApiControllerTests\ApiControllerTests.csproj", "{F0496807-B1AD-4606-9A00-F73B88207DF6}"
EndProject
Project("{9A19103F-16F7-4668-BE54-9A1E7A4F7556}") = "DatabaseAccessorsTests", "DatabaseAccessorsTests\DatabaseAccessorsTests.csproj", "{CB1FE145-17FA-4736-A247-54358FA38C3C}"
EndProject
Project("{9A19103F-16F7-4668-BE54-9A1E7A4F7556}") = "ActiveDirectoryAccessorsTests", "ActiveDirectoryAccessorsTests\ActiveDirectoryAccessorsTests.csproj", "{902EF292-D87B-4AC7-ACFB-3FE357D6D6B8}"
EndProject
Project("{9A19103F-16F7-4668-BE54-9A1E7A4F7556}") = "AuthorizationManagerTests", "AuthorizationManagerTests\AuthorizationManagerTests.csproj", "{22A94087-08A6-477F-83BD-60B5D52095F9}"
EndProject
Project("{9A19103F-16F7-4668-BE54-9A1E7A4F7556}") = "Mocks", "Mocks\Mocks.csproj", "{E9E2AF38-CA1B-4ABA-BB18-733E5A3C720A}"
EndProject
Global
	GlobalSection(SolutionConfigurationPlatforms) = preSolution
		Debug|Any CPU = Debug|Any CPU
		Release|Any CPU = Release|Any CPU
	EndGlobalSection
	GlobalSection(ProjectConfigurationPlatforms) = postSolution
		{809B942A-D33F-4DD1-B0EE-DF8E8CE5AB76}.Debug|Any CPU.ActiveCfg = Debug|Any CPU
		{809B942A-D33F-4DD1-B0EE-DF8E8CE5AB76}.Debug|Any CPU.Build.0 = Debug|Any CPU
		{809B942A-D33F-4DD1-B0EE-DF8E8CE5AB76}.Release|Any CPU.ActiveCfg = Release|Any CPU
		{809B942A-D33F-4DD1-B0EE-DF8E8CE5AB76}.Release|Any CPU.Build.0 = Release|Any CPU
		{869A9FD4-B3D5-4908-B75D-B2C031B4728F}.Debug|Any CPU.ActiveCfg = Debug|Any CPU
		{869A9FD4-B3D5-4908-B75D-B2C031B4728F}.Debug|Any CPU.Build.0 = Debug|Any CPU
		{869A9FD4-B3D5-4908-B75D-B2C031B4728F}.Release|Any CPU.ActiveCfg = Release|Any CPU
		{869A9FD4-B3D5-4908-B75D-B2C031B4728F}.Release|Any CPU.Build.0 = Release|Any CPU
		{1FEE503A-A96C-4D91-8CD7-46139AFFE111}.Debug|Any CPU.ActiveCfg = Debug|Any CPU
		{1FEE503A-A96C-4D91-8CD7-46139AFFE111}.Debug|Any CPU.Build.0 = Debug|Any CPU
		{1FEE503A-A96C-4D91-8CD7-46139AFFE111}.Release|Any CPU.ActiveCfg = Release|Any CPU
		{1FEE503A-A96C-4D91-8CD7-46139AFFE111}.Release|Any CPU.Build.0 = Release|Any CPU
		{6679325B-9A6E-4A66-8AE6-AEC731B9D03A}.Debug|Any CPU.ActiveCfg = Debug|Any CPU
		{6679325B-9A6E-4A66-8AE6-AEC731B9D03A}.Debug|Any CPU.Build.0 = Debug|Any CPU
		{6679325B-9A6E-4A66-8AE6-AEC731B9D03A}.Release|Any CPU.ActiveCfg = Release|Any CPU
		{6679325B-9A6E-4A66-8AE6-AEC731B9D03A}.Release|Any CPU.Build.0 = Release|Any CPU
		{C026B38B-7D9D-4CFB-9CFF-0636A3712043}.Debug|Any CPU.ActiveCfg = Debug|Any CPU
		{C026B38B-7D9D-4CFB-9CFF-0636A3712043}.Debug|Any CPU.Build.0 = Debug|Any CPU
		{C026B38B-7D9D-4CFB-9CFF-0636A3712043}.Release|Any CPU.ActiveCfg = Release|Any CPU
		{C026B38B-7D9D-4CFB-9CFF-0636A3712043}.Release|Any CPU.Build.0 = Release|Any CPU
		{B0105483-738C-41D0-988B-48B162F03667}.Debug|Any CPU.ActiveCfg = Debug|Any CPU
		{B0105483-738C-41D0-988B-48B162F03667}.Debug|Any CPU.Build.0 = Debug|Any CPU
		{B0105483-738C-41D0-988B-48B162F03667}.Release|Any CPU.ActiveCfg = Release|Any CPU
		{B0105483-738C-41D0-988B-48B162F03667}.Release|Any CPU.Build.0 = Release|Any CPU
		{F0496807-B1AD-4606-9A00-F73B88207DF6}.Debug|Any CPU.ActiveCfg = Debug|Any CPU
		{F0496807-B1AD-4606-9A00-F73B88207DF6}.Debug|Any CPU.Build.0 = Debug|Any CPU
		{F0496807-B1AD-4606-9A00-F73B88207DF6}.Release|Any CPU.ActiveCfg = Release|Any CPU
		{F0496807-B1AD-4606-9A00-F73B88207DF6}.Release|Any CPU.Build.0 = Release|Any CPU
		{CB1FE145-17FA-4736-A247-54358FA38C3C}.Debug|Any CPU.ActiveCfg = Debug|Any CPU
		{CB1FE145-17FA-4736-A247-54358FA38C3C}.Debug|Any CPU.Build.0 = Debug|Any CPU
		{CB1FE145-17FA-4736-A247-54358FA38C3C}.Release|Any CPU.ActiveCfg = Release|Any CPU
		{CB1FE145-17FA-4736-A247-54358FA38C3C}.Release|Any CPU.Build.0 = Release|Any CPU
		{902EF292-D87B-4AC7-ACFB-3FE357D6D6B8}.Debug|Any CPU.ActiveCfg = Debug|Any CPU
		{902EF292-D87B-4AC7-ACFB-3FE357D6D6B8}.Debug|Any CPU.Build.0 = Debug|Any CPU
		{902EF292-D87B-4AC7-ACFB-3FE357D6D6B8}.Release|Any CPU.ActiveCfg = Release|Any CPU
		{902EF292-D87B-4AC7-ACFB-3FE357D6D6B8}.Release|Any CPU.Build.0 = Release|Any CPU
		{22A94087-08A6-477F-83BD-60B5D52095F9}.Debug|Any CPU.ActiveCfg = Debug|Any CPU
		{22A94087-08A6-477F-83BD-60B5D52095F9}.Debug|Any CPU.Build.0 = Debug|Any CPU
		{22A94087-08A6-477F-83BD-60B5D52095F9}.Release|Any CPU.ActiveCfg = Release|Any CPU
		{22A94087-08A6-477F-83BD-60B5D52095F9}.Release|Any CPU.Build.0 = Release|Any CPU
		{E9E2AF38-CA1B-4ABA-BB18-733E5A3C720A}.Debug|Any CPU.ActiveCfg = Debug|Any CPU
		{E9E2AF38-CA1B-4ABA-BB18-733E5A3C720A}.Debug|Any CPU.Build.0 = Debug|Any CPU
		{E9E2AF38-CA1B-4ABA-BB18-733E5A3C720A}.Release|Any CPU.ActiveCfg = Release|Any CPU
		{E9E2AF38-CA1B-4ABA-BB18-733E5A3C720A}.Release|Any CPU.Build.0 = Release|Any CPU
	EndGlobalSection
	GlobalSection(SolutionProperties) = preSolution
		HideSolutionNode = FALSE
	EndGlobalSection
	GlobalSection(NestedProjects) = preSolution
		{809B942A-D33F-4DD1-B0EE-DF8E8CE5AB76} = {7DA502F1-FD72-4929-A455-25A388066149}
		{869A9FD4-B3D5-4908-B75D-B2C031B4728F} = {AD129FA3-9170-4F00-9F3E-CAD218EB06AA}
		{1FEE503A-A96C-4D91-8CD7-46139AFFE111} = {7DA502F1-FD72-4929-A455-25A388066149}
		{6679325B-9A6E-4A66-8AE6-AEC731B9D03A} = {5F019784-C2C5-4404-AE86-F5123E14903D}
		{C026B38B-7D9D-4CFB-9CFF-0636A3712043} = {2AE6BE51-ADA7-47D7-B5BE-7603A99A1F01}
		{B0105483-738C-41D0-988B-48B162F03667} = {2AE6BE51-ADA7-47D7-B5BE-7603A99A1F01}
		{F0496807-B1AD-4606-9A00-F73B88207DF6} = {FA56F54C-D747-4193-A84E-1BA99C6BCD82}
		{CB1FE145-17FA-4736-A247-54358FA38C3C} = {FA56F54C-D747-4193-A84E-1BA99C6BCD82}
		{902EF292-D87B-4AC7-ACFB-3FE357D6D6B8} = {FA56F54C-D747-4193-A84E-1BA99C6BCD82}
		{22A94087-08A6-477F-83BD-60B5D52095F9} = {FA56F54C-D747-4193-A84E-1BA99C6BCD82}
		{E9E2AF38-CA1B-4ABA-BB18-733E5A3C720A} = {FA56F54C-D747-4193-A84E-1BA99C6BCD82}
	EndGlobalSection
	GlobalSection(ExtensibilityGlobals) = postSolution
		SolutionGuid = {EF5E876C-543D-4D04-974B-4B92735FBA60}
	EndGlobalSection
EndGlobal
